{
  "lockfileVersion": 1,
  "workspaces": {
    "": {
      "name": "rewrite-the-stars",
      "dependencies": {
        "@octokit/rest": "^21.1.1",
        "bun": "latest",
      },
      "devDependencies": {
        "@types/bun": "latest",
      },
      "peerDependencies": {
        "typescript": "^5",
      },
    },
  },
  "packages": {
    "@octokit/auth-token": ["@octokit/auth-token@5.1.2", "", {}, "sha512-JcQDsBdg49Yky2w2ld20IHAlwr8d/d8N6NiOXbtuoPCqzbsiJgF633mVUw3x4mo0H5ypataQIX7SFu3yy44Mpw=="],

    "@octokit/core": ["@octokit/core@6.1.4", "", { "dependencies": { "@octokit/auth-token": "^5.0.0", "@octokit/graphql": "^8.1.2", "@octokit/request": "^9.2.1", "@octokit/request-error": "^6.1.7", "@octokit/types": "^13.6.2", "before-after-hook": "^3.0.2", "universal-user-agent": "^7.0.0" } }, "sha512-lAS9k7d6I0MPN+gb9bKDt7X8SdxknYqAMh44S5L+lNqIN2NuV8nvv3g8rPp7MuRxcOpxpUIATWprO0C34a8Qmg=="],

    "@octokit/endpoint": ["@octokit/endpoint@10.1.3", "", { "dependencies": { "@octokit/types": "^13.6.2", "universal-user-agent": "^7.0.2" } }, "sha512-nBRBMpKPhQUxCsQQeW+rCJ/OPSMcj3g0nfHn01zGYZXuNDvvXudF/TYY6APj5THlurerpFN4a/dQAIAaM6BYhA=="],

    "@octokit/graphql": ["@octokit/graphql@8.2.1", "", { "dependencies": { "@octokit/request": "^9.2.2", "@octokit/types": "^13.8.0", "universal-user-agent": "^7.0.0" } }, "sha512-n57hXtOoHrhwTWdvhVkdJHdhTv0JstjDbDRhJfwIRNfFqmSo1DaK/mD2syoNUoLCyqSjBpGAKOG0BuwF392slw=="],

    "@octokit/openapi-types": ["@octokit/openapi-types@23.0.1", "", {}, "sha512-izFjMJ1sir0jn0ldEKhZ7xegCTj/ObmEDlEfpFrx4k/JyZSMRHbO3/rBwgE7f3m2DHt+RrNGIVw4wSmwnm3t/g=="],

    "@octokit/plugin-paginate-rest": ["@octokit/plugin-paginate-rest@11.4.3", "", { "dependencies": { "@octokit/types": "^13.7.0" }, "peerDependencies": { "@octokit/core": ">=6" } }, "sha512-tBXaAbXkqVJlRoA/zQVe9mUdb8rScmivqtpv3ovsC5xhje/a+NOCivs7eUhWBwCApJVsR4G5HMeaLbq7PxqZGA=="],

    "@octokit/plugin-request-log": ["@octokit/plugin-request-log@5.3.1", "", { "peerDependencies": { "@octokit/core": ">=6" } }, "sha512-n/lNeCtq+9ofhC15xzmJCNKP2BWTv8Ih2TTy+jatNCCq/gQP/V7rK3fjIfuz0pDWDALO/o/4QY4hyOF6TQQFUw=="],

    "@octokit/plugin-rest-endpoint-methods": ["@octokit/plugin-rest-endpoint-methods@13.3.1", "", { "dependencies": { "@octokit/types": "^13.8.0" }, "peerDependencies": { "@octokit/core": ">=6" } }, "sha512-o8uOBdsyR+WR8MK9Cco8dCgvG13H1RlM1nWnK/W7TEACQBFux/vPREgKucxUfuDQ5yi1T3hGf4C5ZmZXAERgwQ=="],

    "@octokit/request": ["@octokit/request@9.2.2", "", { "dependencies": { "@octokit/endpoint": "^10.1.3", "@octokit/request-error": "^6.1.7", "@octokit/types": "^13.6.2", "fast-content-type-parse": "^2.0.0", "universal-user-agent": "^7.0.2" } }, "sha512-dZl0ZHx6gOQGcffgm1/Sf6JfEpmh34v3Af2Uci02vzUYz6qEN6zepoRtmybWXIGXFIK8K9ylE3b+duCWqhArtg=="],

    "@octokit/request-error": ["@octokit/request-error@6.1.7", "", { "dependencies": { "@octokit/types": "^13.6.2" } }, "sha512-69NIppAwaauwZv6aOzb+VVLwt+0havz9GT5YplkeJv7fG7a40qpLt/yZKyiDxAhgz0EtgNdNcb96Z0u+Zyuy2g=="],

    "@octokit/rest": ["@octokit/rest@21.1.1", "", { "dependencies": { "@octokit/core": "^6.1.4", "@octokit/plugin-paginate-rest": "^11.4.2", "@octokit/plugin-request-log": "^5.3.1", "@octokit/plugin-rest-endpoint-methods": "^13.3.0" } }, "sha512-sTQV7va0IUVZcntzy1q3QqPm/r8rWtDCqpRAmb8eXXnKkjoQEtFe3Nt5GTVsHft+R6jJoHeSiVLcgcvhtue/rg=="],

    "@octokit/types": ["@octokit/types@13.8.0", "", { "dependencies": { "@octokit/openapi-types": "^23.0.1" } }, "sha512-x7DjTIbEpEWXK99DMd01QfWy0hd5h4EN+Q7shkdKds3otGQP+oWE/y0A76i1OvH9fygo4ddvNf7ZvF0t78P98A=="],

    "@oven/bun-darwin-aarch64": ["@oven/bun-darwin-aarch64@1.2.4", "", { "os": "darwin", "cpu": "arm64" }, "sha512-xBz/Q7X6AFwMg7MXtBemjjt5uB+tvEYBmi9Zbm1r8qnI2V8m/Smuhma0EARhiVfLuIAYj2EM5qjzxeAFV4TBJA=="],

    "@oven/bun-darwin-x64": ["@oven/bun-darwin-x64@1.2.4", "", { "os": "darwin", "cpu": "x64" }, "sha512-ufyty+2754QCFDhq447H39JiqabMlFRItLn1YFp+2hdpKak7KCYLGOUuHnlr1pmImKJzDHURjnvTTq1QRlUWAA=="],

    "@oven/bun-darwin-x64-baseline": ["@oven/bun-darwin-x64-baseline@1.2.4", "", { "os": "darwin", "cpu": "x64" }, "sha512-stsq8vBiYgfGunBGlf2M7ST7Ymyw3WnwrxEeJ04vkKmMEEE2LpX8Rkol6UPRvZawab9s9/scFIRgFi6hu9H4SQ=="],

    "@oven/bun-linux-aarch64": ["@oven/bun-linux-aarch64@1.2.4", "", { "os": "linux", "cpu": "arm64" }, "sha512-OhVpzme2vvLA7w8GYeJg2SQ2h2CwJQN9oYDiGeoML4EwE+DEoYHdxgaBZsQySOwZtFIr8ufpc/8iD4hssJ50qg=="],

    "@oven/bun-linux-aarch64-musl": ["@oven/bun-linux-aarch64-musl@1.2.4", "", { "os": "linux", "cpu": "none" }, "sha512-+lxWF7up9MuB1ZdGxXCH3AH3XmYtdBC6soQ38+yg3+y3iOPrAlSG+wytHEkypN/UU2mGvCuaEED3cMvejrGdDw=="],

    "@oven/bun-linux-x64": ["@oven/bun-linux-x64@1.2.4", "", { "os": "linux", "cpu": "x64" }, "sha512-oof3ii92Cz2yIOZRbVFHMHmffCutRPFITIdXLZ2/rkqVuKUe0ZdqWjHPhxJFm31AL9MlJ/dSqDbPb51SaLI7tw=="],

    "@oven/bun-linux-x64-baseline": ["@oven/bun-linux-x64-baseline@1.2.4", "", { "os": "linux", "cpu": "x64" }, "sha512-3nmDDZJH73MzhBg2sRYioj4CE8wgaz0w24OieMqj4/c44BbNr3X5RewrldsMD2cU6DtVbi52FuD5WpTw3N8nmw=="],

    "@oven/bun-linux-x64-musl": ["@oven/bun-linux-x64-musl@1.2.4", "", { "os": "linux", "cpu": "x64" }, "sha512-cLdMbK7srNoUbYSG3Tp4GYdPAO0+5mgUhdbU053GZs0DLQmQ8h1JQhALp+ZjrUWstmQe7ddcNu7l7EAu6E76XA=="],

    "@oven/bun-linux-x64-musl-baseline": ["@oven/bun-linux-x64-musl-baseline@1.2.4", "", { "os": "linux", "cpu": "x64" }, "sha512-qDsUvKCW0WUlVOt6Yx5eEzxgCbvzuSJBsu0sXtr6uGt8TnMKghmliRO5FmiMLQ0k/PUDA8vPJCtuv5k14bDi6g=="],

    "@oven/bun-windows-x64": ["@oven/bun-windows-x64@1.2.4", "", { "os": "win32", "cpu": "x64" }, "sha512-4YRJd4pdaTWEM+uawYmchOeNv874RGAFpIZQubWnN4SBf6HfcDm0OMMZcm0f0I70Wd5gbPg1+rvCRtDZWVmZog=="],

    "@oven/bun-windows-x64-baseline": ["@oven/bun-windows-x64-baseline@1.2.4", "", { "os": "win32", "cpu": "x64" }, "sha512-j/G4bnfsRAiCvpTADda40m29iSGvueIaF9Kc9hBu4jN8dTS9fEXdNNXuf8c30/z7/npxw2dhzsAn8jbc5QvD1A=="],

    "@types/bun": ["@types/bun@1.2.4", "", { "dependencies": { "bun-types": "1.2.4" } }, "sha512-QtuV5OMR8/rdKJs213iwXDpfVvnskPXY/S0ZiFbsTjQZycuqPbMW8Gf/XhLfwE5njW8sxI2WjISURXPlHypMFA=="],

    "@types/node": ["@types/node@22.13.9", "", { "dependencies": { "undici-types": "~6.20.0" } }, "sha512-acBjXdRJ3A6Pb3tqnw9HZmyR3Fiol3aGxRCK1x3d+6CDAMjl7I649wpSd+yNURCjbOUGu9tqtLKnTGxmK6CyGw=="],

    "@types/ws": ["@types/ws@8.5.14", "", { "dependencies": { "@types/node": "*" } }, "sha512-bd/YFLW+URhBzMXurx7lWByOu+xzU9+kb3RboOteXYDfW+tr+JZa99OyNmPINEGB/ahzKrEuc8rcv4gnpJmxTw=="],

    "before-after-hook": ["before-after-hook@3.0.2", "", {}, "sha512-Nik3Sc0ncrMK4UUdXQmAnRtzmNQTAAXmXIopizwZ1W1t8QmfJj+zL4OA2I7XPTPW5z5TDqv4hRo/JzouDJnX3A=="],

    "bun": ["bun@1.2.4", "", { "optionalDependencies": { "@oven/bun-darwin-aarch64": "1.2.4", "@oven/bun-darwin-x64": "1.2.4", "@oven/bun-darwin-x64-baseline": "1.2.4", "@oven/bun-linux-aarch64": "1.2.4", "@oven/bun-linux-aarch64-musl": "1.2.4", "@oven/bun-linux-x64": "1.2.4", "@oven/bun-linux-x64-baseline": "1.2.4", "@oven/bun-linux-x64-musl": "1.2.4", "@oven/bun-linux-x64-musl-baseline": "1.2.4", "@oven/bun-windows-x64": "1.2.4", "@oven/bun-windows-x64-baseline": "1.2.4" }, "os": [ "linux", "win32", "darwin", ], "cpu": [ "x64", "arm64", ], "bin": { "bun": "bin/bun.exe", "bunx": "bin/bun.exe" } }, "sha512-ZY0EZ/UKqheaLeAtMsfJA6jWoWvV9HAtfFaOJSmS3LrNpFKs1Sg5fZLSsczN1h3a+Dtheo4O3p3ZYWrf40kRGw=="],

    "bun-types": ["bun-types@1.2.4", "", { "dependencies": { "@types/node": "*", "@types/ws": "~8.5.10" } }, "sha512-nDPymR207ZZEoWD4AavvEaa/KZe/qlrbMSchqpQwovPZCKc7pwMoENjEtHgMKaAjJhy+x6vfqSBA1QU3bJgs0Q=="],

    "fast-content-type-parse": ["fast-content-type-parse@2.0.1", "", {}, "sha512-nGqtvLrj5w0naR6tDPfB4cUmYCqouzyQiz6C5y/LtcDllJdrcc6WaWW6iXyIIOErTa/XRybj28aasdn4LkVk6Q=="],

    "typescript": ["typescript@5.8.2", "", { "bin": { "tsc": "bin/tsc", "tsserver": "bin/tsserver" } }, "sha512-aJn6wq13/afZp/jT9QZmwEjDqqvSGp1VT5GVg+f/t6/oVyrgXM6BY1h9BRh/O5p3PlUPAe+WuiEZOmb/49RqoQ=="],

    "undici-types": ["undici-types@6.20.0", "", {}, "sha512-Ny6QZ2Nju20vw1SRHe3d9jVu6gJ+4e3+MMpqu7pqE5HT6WsTSlce++GQmK5UXS8mzV8DSYHrQH+Xrf2jVcuKNg=="],

    "universal-user-agent": ["universal-user-agent@7.0.2", "", {}, "sha512-0JCqzSKnStlRRQfCdowvqy3cy0Dvtlb8xecj/H8JFZuCze4rwjPZQOgvFvn0Ws/usCHQFGpyr+pB9adaGwXn4Q=="],
  }
}
